// !$*UTF8*$!
{
	archiveVersion = 1;
	classes = {
	};
	objectVersion = 55;
	objects = {

/* Begin PBXBuildFile section */
		89018C802846BC7100B0276E /* NSNotificationName.swift in Sources */ = {isa = PBXBuildFile; fileRef = 89018C7F2846BC7100B0276E /* NSNotificationName.swift */; };
		89018C822846BEA800B0276E /* UITextField+SecureToggle.swift in Sources */ = {isa = PBXBuildFile; fileRef = 89018C812846BEA800B0276E /* UITextField+SecureToggle.swift */; };
		890CA60F28422D3800BF0900 /* AccountSummaryViewController.swift in Sources */ = {isa = PBXBuildFile; fileRef = 890CA60E28422D3800BF0900 /* AccountSummaryViewController.swift */; };
		890CA6112842323E00BF0900 /* AccountSummaryHeaderView.swift in Sources */ = {isa = PBXBuildFile; fileRef = 890CA6102842323E00BF0900 /* AccountSummaryHeaderView.swift */; };
		890CA6132842327100BF0900 /* AccountSummaryHeaderView.xib in Resources */ = {isa = PBXBuildFile; fileRef = 890CA6122842327100BF0900 /* AccountSummaryHeaderView.xib */; };
		8918D4C9283ACCF20040CFDB /* AppDelegate.swift in Sources */ = {isa = PBXBuildFile; fileRef = 8918D4C8283ACCF20040CFDB /* AppDelegate.swift */; };
		8918D4CD283ACCF20040CFDB /* LoginViewController.swift in Sources */ = {isa = PBXBuildFile; fileRef = 8918D4CC283ACCF20040CFDB /* LoginViewController.swift */; };
		8918D4D2283ACCF30040CFDB /* Assets.xcassets in Resources */ = {isa = PBXBuildFile; fileRef = 8918D4D1283ACCF30040CFDB /* Assets.xcassets */; };
		8918D4D5283ACCF30040CFDB /* LaunchScreen.storyboard in Resources */ = {isa = PBXBuildFile; fileRef = 8918D4D3283ACCF30040CFDB /* LaunchScreen.storyboard */; };
		8918D4DF283AD17F0040CFDB /* LoginView.swift in Sources */ = {isa = PBXBuildFile; fileRef = 8918D4DE283AD17F0040CFDB /* LoginView.swift */; };
		897DE7C7284021280069DECB /* OnboardingContainerViewController.swift in Sources */ = {isa = PBXBuildFile; fileRef = 897DE7C6284021280069DECB /* OnboardingContainerViewController.swift */; };
		8990ACCA28441233001270CC /* Decimal+Utils.swift in Sources */ = {isa = PBXBuildFile; fileRef = 8990ACC928441233001270CC /* Decimal+Utils.swift */; };
		8990ACCC28441297001270CC /* CurrencyFormatter.swift in Sources */ = {isa = PBXBuildFile; fileRef = 8990ACCB28441297001270CC /* CurrencyFormatter.swift */; };
		899A204C28413CD80000899E /* OnboardingViewController.swift in Sources */ = {isa = PBXBuildFile; fileRef = 899A204B28413CD80000899E /* OnboardingViewController.swift */; };
		899A205128415A860000899E /* LocaleState.swift in Sources */ = {isa = PBXBuildFile; fileRef = 899A205028415A860000899E /* LocaleState.swift */; };
		899A205528415EF10000899E /* UIViewController+Utils.swift in Sources */ = {isa = PBXBuildFile; fileRef = 899A205428415EF10000899E /* UIViewController+Utils.swift */; };
		899A2057284160310000899E /* MainViewController.swift in Sources */ = {isa = PBXBuildFile; fileRef = 899A2056284160310000899E /* MainViewController.swift */; };
		899BDCAA2842B6E800241A0D /* AccountSummaryCell.swift in Sources */ = {isa = PBXBuildFile; fileRef = 899BDCA92842B6E800241A0D /* AccountSummaryCell.swift */; };
		89D2AA5328455D19002F94B3 /* CurrencyFormatterTests.swift in Sources */ = {isa = PBXBuildFile; fileRef = 89D2AA5228455D19002F94B3 /* CurrencyFormatterTests.swift */; };
/* End PBXBuildFile section */

/* Begin PBXContainerItemProxy section */
		89D2AA4D28455C34002F94B3 /* PBXContainerItemProxy */ = {
			isa = PBXContainerItemProxy;
			containerPortal = 8918D4BD283ACCF20040CFDB /* Project object */;
			proxyType = 1;
			remoteGlobalIDString = 8918D4C4283ACCF20040CFDB;
			remoteInfo = Bankey;
		};
/* End PBXContainerItemProxy section */

/* Begin PBXFileReference section */
		89018C7F2846BC7100B0276E /* NSNotificationName.swift */ = {isa = PBXFileReference; lastKnownFileType = sourcecode.swift; path = NSNotificationName.swift; sourceTree = "<group>"; };
		89018C812846BEA800B0276E /* UITextField+SecureToggle.swift */ = {isa = PBXFileReference; lastKnownFileType = sourcecode.swift; path = "UITextField+SecureToggle.swift"; sourceTree = "<group>"; };
		890CA60E28422D3800BF0900 /* AccountSummaryViewController.swift */ = {isa = PBXFileReference; lastKnownFileType = sourcecode.swift; path = AccountSummaryViewController.swift; sourceTree = "<group>"; };
		890CA6102842323E00BF0900 /* AccountSummaryHeaderView.swift */ = {isa = PBXFileReference; lastKnownFileType = sourcecode.swift; path = AccountSummaryHeaderView.swift; sourceTree = "<group>"; };
		890CA6122842327100BF0900 /* AccountSummaryHeaderView.xib */ = {isa = PBXFileReference; lastKnownFileType = file.xib; path = AccountSummaryHeaderView.xib; sourceTree = "<group>"; };
		8918D4C5283ACCF20040CFDB /* Bankey.app */ = {isa = PBXFileReference; explicitFileType = wrapper.application; includeInIndex = 0; path = Bankey.app; sourceTree = BUILT_PRODUCTS_DIR; };
		8918D4C8283ACCF20040CFDB /* AppDelegate.swift */ = {isa = PBXFileReference; lastKnownFileType = sourcecode.swift; path = AppDelegate.swift; sourceTree = "<group>"; };
		8918D4CC283ACCF20040CFDB /* LoginViewController.swift */ = {isa = PBXFileReference; lastKnownFileType = sourcecode.swift; path = LoginViewController.swift; sourceTree = "<group>"; };
		8918D4D1283ACCF30040CFDB /* Assets.xcassets */ = {isa = PBXFileReference; lastKnownFileType = folder.assetcatalog; path = Assets.xcassets; sourceTree = "<group>"; };
		8918D4D4283ACCF30040CFDB /* Base */ = {isa = PBXFileReference; lastKnownFileType = file.storyboard; name = Base; path = Base.lproj/LaunchScreen.storyboard; sourceTree = "<group>"; };
		8918D4D6283ACCF30040CFDB /* Info.plist */ = {isa = PBXFileReference; lastKnownFileType = text.plist.xml; path = Info.plist; sourceTree = "<group>"; };
		8918D4DE283AD17F0040CFDB /* LoginView.swift */ = {isa = PBXFileReference; lastKnownFileType = sourcecode.swift; path = LoginView.swift; sourceTree = "<group>"; };
		897DE7C6284021280069DECB /* OnboardingContainerViewController.swift */ = {isa = PBXFileReference; lastKnownFileType = sourcecode.swift; path = OnboardingContainerViewController.swift; sourceTree = "<group>"; };
		8990ACC928441233001270CC /* Decimal+Utils.swift */ = {isa = PBXFileReference; lastKnownFileType = sourcecode.swift; path = "Decimal+Utils.swift"; sourceTree = "<group>"; };
		8990ACCB28441297001270CC /* CurrencyFormatter.swift */ = {isa = PBXFileReference; lastKnownFileType = sourcecode.swift; path = CurrencyFormatter.swift; sourceTree = "<group>"; };
		899A204B28413CD80000899E /* OnboardingViewController.swift */ = {isa = PBXFileReference; lastKnownFileType = sourcecode.swift; path = OnboardingViewController.swift; sourceTree = "<group>"; };
		899A205028415A860000899E /* LocaleState.swift */ = {isa = PBXFileReference; lastKnownFileType = sourcecode.swift; path = LocaleState.swift; sourceTree = "<group>"; };
		899A205428415EF10000899E /* UIViewController+Utils.swift */ = {isa = PBXFileReference; lastKnownFileType = sourcecode.swift; path = "UIViewController+Utils.swift"; sourceTree = "<group>"; };
		899A2056284160310000899E /* MainViewController.swift */ = {isa = PBXFileReference; lastKnownFileType = sourcecode.swift; path = MainViewController.swift; sourceTree = "<group>"; };
		899BDCA92842B6E800241A0D /* AccountSummaryCell.swift */ = {isa = PBXFileReference; lastKnownFileType = sourcecode.swift; path = AccountSummaryCell.swift; sourceTree = "<group>"; };
		89D2AA4928455C34002F94B3 /* BankeyUnitTests.xctest */ = {isa = PBXFileReference; explicitFileType = wrapper.cfbundle; includeInIndex = 0; path = BankeyUnitTests.xctest; sourceTree = BUILT_PRODUCTS_DIR; };
		89D2AA5228455D19002F94B3 /* CurrencyFormatterTests.swift */ = {isa = PBXFileReference; lastKnownFileType = sourcecode.swift; path = CurrencyFormatterTests.swift; sourceTree = "<group>"; };
/* End PBXFileReference section */

/* Begin PBXFrameworksBuildPhase section */
		8918D4C2283ACCF20040CFDB /* Frameworks */ = {
			isa = PBXFrameworksBuildPhase;
			buildActionMask = 2147483647;
			files = (
			);
			runOnlyForDeploymentPostprocessing = 0;
		};
		89D2AA4628455C34002F94B3 /* Frameworks */ = {
			isa = PBXFrameworksBuildPhase;
			buildActionMask = 2147483647;
			files = (
			);
			runOnlyForDeploymentPostprocessing = 0;
		};
/* End PBXFrameworksBuildPhase section */

/* Begin PBXGroup section */
		890CA60D28422D1700BF0900 /* AccountSummary */ = {
			isa = PBXGroup;
			children = (
				890CA60E28422D3800BF0900 /* AccountSummaryViewController.swift */,
				899BDCA72842B6A500241A0D /* Header */,
				899BDCA82842B6BC00241A0D /* Cells */,
			);
			path = AccountSummary;
			sourceTree = "<group>";
		};
		8918D4BC283ACCF20040CFDB = {
			isa = PBXGroup;
			children = (
				8918D4C7283ACCF20040CFDB /* Bankey */,
				89D2AA4A28455C34002F94B3 /* BankeyUnitTests */,
				8918D4C6283ACCF20040CFDB /* Products */,
			);
			sourceTree = "<group>";
		};
		8918D4C6283ACCF20040CFDB /* Products */ = {
			isa = PBXGroup;
			children = (
				8918D4C5283ACCF20040CFDB /* Bankey.app */,
				89D2AA4928455C34002F94B3 /* BankeyUnitTests.xctest */,
			);
			name = Products;
			sourceTree = "<group>";
		};
		8918D4C7283ACCF20040CFDB /* Bankey */ = {
			isa = PBXGroup;
			children = (
				8918D4C8283ACCF20040CFDB /* AppDelegate.swift */,
				8918D4DD283AD1540040CFDB /* Login */,
				897DE7C5284020BE0069DECB /* Onboarding */,
				890CA60D28422D1700BF0900 /* AccountSummary */,
				899A204F28415A760000899E /* Utils */,
				8918D4DC283ACF800040CFDB /* Files */,
				899A2056284160310000899E /* MainViewController.swift */,
			);
			path = Bankey;
			sourceTree = "<group>";
		};
		8918D4DC283ACF800040CFDB /* Files */ = {
			isa = PBXGroup;
			children = (
				8918D4D1283ACCF30040CFDB /* Assets.xcassets */,
				8918D4D3283ACCF30040CFDB /* LaunchScreen.storyboard */,
				8918D4D6283ACCF30040CFDB /* Info.plist */,
			);
			name = Files;
			sourceTree = "<group>";
		};
		8918D4DD283AD1540040CFDB /* Login */ = {
			isa = PBXGroup;
			children = (
				8918D4CC283ACCF20040CFDB /* LoginViewController.swift */,
				8918D4DE283AD17F0040CFDB /* LoginView.swift */,
			);
			path = Login;
			sourceTree = "<group>";
		};
		897DE7C5284020BE0069DECB /* Onboarding */ = {
			isa = PBXGroup;
			children = (
				897DE7C6284021280069DECB /* OnboardingContainerViewController.swift */,
				899A204B28413CD80000899E /* OnboardingViewController.swift */,
			);
			path = Onboarding;
			sourceTree = "<group>";
		};
		899A204F28415A760000899E /* Utils */ = {
			isa = PBXGroup;
			children = (
				899A205428415EF10000899E /* UIViewController+Utils.swift */,
				8990ACC928441233001270CC /* Decimal+Utils.swift */,
				89018C812846BEA800B0276E /* UITextField+SecureToggle.swift */,
				899A205028415A860000899E /* LocaleState.swift */,
				8990ACCB28441297001270CC /* CurrencyFormatter.swift */,
				89018C7F2846BC7100B0276E /* NSNotificationName.swift */,
			);
			path = Utils;
			sourceTree = "<group>";
		};
		899BDCA72842B6A500241A0D /* Header */ = {
			isa = PBXGroup;
			children = (
				890CA6102842323E00BF0900 /* AccountSummaryHeaderView.swift */,
				890CA6122842327100BF0900 /* AccountSummaryHeaderView.xib */,
			);
			path = Header;
			sourceTree = "<group>";
		};
		899BDCA82842B6BC00241A0D /* Cells */ = {
			isa = PBXGroup;
			children = (
				899BDCA92842B6E800241A0D /* AccountSummaryCell.swift */,
			);
			path = Cells;
			sourceTree = "<group>";
		};
		89D2AA4A28455C34002F94B3 /* BankeyUnitTests */ = {
			isa = PBXGroup;
			children = (
				89D2AA5228455D19002F94B3 /* CurrencyFormatterTests.swift */,
			);
			path = BankeyUnitTests;
			sourceTree = "<group>";
		};
/* End PBXGroup section */

/* Begin PBXNativeTarget section */
		8918D4C4283ACCF20040CFDB /* Bankey */ = {
			isa = PBXNativeTarget;
			buildConfigurationList = 8918D4D9283ACCF30040CFDB /* Build configuration list for PBXNativeTarget "Bankey" */;
			buildPhases = (
				8918D4C1283ACCF20040CFDB /* Sources */,
				8918D4C2283ACCF20040CFDB /* Frameworks */,
				8918D4C3283ACCF20040CFDB /* Resources */,
			);
			buildRules = (
			);
			dependencies = (
			);
			name = Bankey;
			productName = Bankey;
			productReference = 8918D4C5283ACCF20040CFDB /* Bankey.app */;
			productType = "com.apple.product-type.application";
		};
		89D2AA4828455C34002F94B3 /* BankeyUnitTests */ = {
			isa = PBXNativeTarget;
			buildConfigurationList = 89D2AA5128455C34002F94B3 /* Build configuration list for PBXNativeTarget "BankeyUnitTests" */;
			buildPhases = (
				89D2AA4528455C34002F94B3 /* Sources */,
				89D2AA4628455C34002F94B3 /* Frameworks */,
				89D2AA4728455C34002F94B3 /* Resources */,
			);
			buildRules = (
			);
			dependencies = (
				89D2AA4E28455C34002F94B3 /* PBXTargetDependency */,
			);
			name = BankeyUnitTests;
			productName = BankeyUnitTests;
			productReference = 89D2AA4928455C34002F94B3 /* BankeyUnitTests.xctest */;
			productType = "com.apple.product-type.bundle.unit-test";
		};
/* End PBXNativeTarget section */

/* Begin PBXProject section */
		8918D4BD283ACCF20040CFDB /* Project object */ = {
			isa = PBXProject;
			attributes = {
				BuildIndependentTargetsInParallel = 1;
				LastSwiftUpdateCheck = 1320;
				LastUpgradeCheck = 1320;
				TargetAttributes = {
					8918D4C4283ACCF20040CFDB = {
						CreatedOnToolsVersion = 13.2.1;
					};
					89D2AA4828455C34002F94B3 = {
						CreatedOnToolsVersion = 13.2.1;
						LastSwiftMigration = 1320;
						TestTargetID = 8918D4C4283ACCF20040CFDB;
					};
				};
			};
			buildConfigurationList = 8918D4C0283ACCF20040CFDB /* Build configuration list for PBXProject "Bankey" */;
			compatibilityVersion = "Xcode 13.0";
			developmentRegion = en;
			hasScannedForEncodings = 0;
			knownRegions = (
				en,
				Base,
			);
			mainGroup = 8918D4BC283ACCF20040CFDB;
			productRefGroup = 8918D4C6283ACCF20040CFDB /* Products */;
			projectDirPath = "";
			projectRoot = "";
			targets = (
				8918D4C4283ACCF20040CFDB /* Bankey */,
				89D2AA4828455C34002F94B3 /* BankeyUnitTests */,
			);
		};
/* End PBXProject section */

/* Begin PBXResourcesBuildPhase section */
		8918D4C3283ACCF20040CFDB /* Resources */ = {
			isa = PBXResourcesBuildPhase;
			buildActionMask = 2147483647;
			files = (
				890CA6132842327100BF0900 /* AccountSummaryHeaderView.xib in Resources */,
				8918D4D5283ACCF30040CFDB /* LaunchScreen.storyboard in Resources */,
				8918D4D2283ACCF30040CFDB /* Assets.xcassets in Resources */,
			);
			runOnlyForDeploymentPostprocessing = 0;
		};
		89D2AA4728455C34002F94B3 /* Resources */ = {
			isa = PBXResourcesBuildPhase;
			buildActionMask = 2147483647;
			files = (
			);
			runOnlyForDeploymentPostprocessing = 0;
		};
/* End PBXResourcesBuildPhase section */

/* Begin PBXSourcesBuildPhase section */
		8918D4C1283ACCF20040CFDB /* Sources */ = {
			isa = PBXSourcesBuildPhase;
			buildActionMask = 2147483647;
			files = (
				890CA6112842323E00BF0900 /* AccountSummaryHeaderView.swift in Sources */,
				899BDCAA2842B6E800241A0D /* AccountSummaryCell.swift in Sources */,
				899A205528415EF10000899E /* UIViewController+Utils.swift in Sources */,
				8918D4DF283AD17F0040CFDB /* LoginView.swift in Sources */,
				899A205128415A860000899E /* LocaleState.swift in Sources */,
				89018C822846BEA800B0276E /* UITextField+SecureToggle.swift in Sources */,
				8918D4CD283ACCF20040CFDB /* LoginViewController.swift in Sources */,
				8990ACCC28441297001270CC /* CurrencyFormatter.swift in Sources */,
				899A204C28413CD80000899E /* OnboardingViewController.swift in Sources */,
				89018C802846BC7100B0276E /* NSNotificationName.swift in Sources */,
				899A2057284160310000899E /* MainViewController.swift in Sources */,
				890CA60F28422D3800BF0900 /* AccountSummaryViewController.swift in Sources */,
				8990ACCA28441233001270CC /* Decimal+Utils.swift in Sources */,
				8918D4C9283ACCF20040CFDB /* AppDelegate.swift in Sources */,
				897DE7C7284021280069DECB /* OnboardingContainerViewController.swift in Sources */,
			);
			runOnlyForDeploymentPostprocessing = 0;
		};
		89D2AA4528455C34002F94B3 /* Sources */ = {
			isa = PBXSourcesBuildPhase;
			buildActionMask = 2147483647;
			files = (
				89D2AA5328455D19002F94B3 /* CurrencyFormatterTests.swift in Sources */,
			);
			runOnlyForDeploymentPostprocessing = 0;
		};
/* End PBXSourcesBuildPhase section */

/* Begin PBXTargetDependency section */
		89D2AA4E28455C34002F94B3 /* PBXTargetDependency */ = {
			isa = PBXTargetDependency;
			target = 8918D4C4283ACCF20040CFDB /* Bankey */;
			targetProxy = 89D2AA4D28455C34002F94B3 /* PBXContainerItemProxy */;
		};
/* End PBXTargetDependency section */

/* Begin PBXVariantGroup section */
		8918D4D3283ACCF30040CFDB /* LaunchScreen.storyboard */ = {
			isa = PBXVariantGroup;
			children = (
				8918D4D4283ACCF30040CFDB /* Base */,
			);
			name = LaunchScreen.storyboard;
			sourceTree = "<group>";
		};
/* End PBXVariantGroup section */

/* Begin XCBuildConfiguration section */
		8918D4D7283ACCF30040CFDB /* Debug */ = {
			isa = XCBuildConfiguration;
			buildSettings = {
				ALWAYS_SEARCH_USER_PATHS = NO;
				CLANG_ANALYZER_NONNULL = YES;
				CLANG_ANALYZER_NUMBER_OBJECT_CONVERSION = YES_AGGRESSIVE;
				CLANG_CXX_LANGUAGE_STANDARD = "gnu++17";
				CLANG_CXX_LIBRARY = "libc++";
				CLANG_ENABLE_MODULES = YES;
				CLANG_ENABLE_OBJC_ARC = YES;
				CLANG_ENABLE_OBJC_WEAK = YES;
				CLANG_WARN_BLOCK_CAPTURE_AUTORELEASING = YES;
				CLANG_WARN_BOOL_CONVERSION = YES;
				CLANG_WARN_COMMA = YES;
				CLANG_WARN_CONSTANT_CONVERSION = YES;
				CLANG_WARN_DEPRECATED_OBJC_IMPLEMENTATIONS = YES;
				CLANG_WARN_DIRECT_OBJC_ISA_USAGE = YES_ERROR;
				CLANG_WARN_DOCUMENTATION_COMMENTS = YES;
				CLANG_WARN_EMPTY_BODY = YES;
				CLANG_WARN_ENUM_CONVERSION = YES;
				CLANG_WARN_INFINITE_RECURSION = YES;
				CLANG_WARN_INT_CONVERSION = YES;
				CLANG_WARN_NON_LITERAL_NULL_CONVERSION = YES;
				CLANG_WARN_OBJC_IMPLICIT_RETAIN_SELF = YES;
				CLANG_WARN_OBJC_LITERAL_CONVERSION = YES;
				CLANG_WARN_OBJC_ROOT_CLASS = YES_ERROR;
				CLANG_WARN_QUOTED_INCLUDE_IN_FRAMEWORK_HEADER = YES;
				CLANG_WARN_RANGE_LOOP_ANALYSIS = YES;
				CLANG_WARN_STRICT_PROTOTYPES = YES;
				CLANG_WARN_SUSPICIOUS_MOVE = YES;
				CLANG_WARN_UNGUARDED_AVAILABILITY = YES_AGGRESSIVE;
				CLANG_WARN_UNREACHABLE_CODE = YES;
				CLANG_WARN__DUPLICATE_METHOD_MATCH = YES;
				COPY_PHASE_STRIP = NO;
				DEBUG_INFORMATION_FORMAT = dwarf;
				ENABLE_STRICT_OBJC_MSGSEND = YES;
				ENABLE_TESTABILITY = YES;
				GCC_C_LANGUAGE_STANDARD = gnu11;
				GCC_DYNAMIC_NO_PIC = NO;
				GCC_NO_COMMON_BLOCKS = YES;
				GCC_OPTIMIZATION_LEVEL = 0;
				GCC_PREPROCESSOR_DEFINITIONS = (
					"DEBUG=1",
					"$(inherited)",
				);
				GCC_WARN_64_TO_32_BIT_CONVERSION = YES;
				GCC_WARN_ABOUT_RETURN_TYPE = YES_ERROR;
				GCC_WARN_UNDECLARED_SELECTOR = YES;
				GCC_WARN_UNINITIALIZED_AUTOS = YES_AGGRESSIVE;
				GCC_WARN_UNUSED_FUNCTION = YES;
				GCC_WARN_UNUSED_VARIABLE = YES;
				IPHONEOS_DEPLOYMENT_TARGET = 15.2;
				MTL_ENABLE_DEBUG_INFO = INCLUDE_SOURCE;
				MTL_FAST_MATH = YES;
				ONLY_ACTIVE_ARCH = YES;
				SDKROOT = iphoneos;
				SWIFT_ACTIVE_COMPILATION_CONDITIONS = DEBUG;
				SWIFT_OPTIMIZATION_LEVEL = "-Onone";
			};
			name = Debug;
		};
		8918D4D8283ACCF30040CFDB /* Release */ = {
			isa = XCBuildConfiguration;
			buildSettings = {
				ALWAYS_SEARCH_USER_PATHS = NO;
				CLANG_ANALYZER_NONNULL = YES;
				CLANG_ANALYZER_NUMBER_OBJECT_CONVERSION = YES_AGGRESSIVE;
				CLANG_CXX_LANGUAGE_STANDARD = "gnu++17";
				CLANG_CXX_LIBRARY = "libc++";
				CLANG_ENABLE_MODULES = YES;
				CLANG_ENABLE_OBJC_ARC = YES;
				CLANG_ENABLE_OBJC_WEAK = YES;
				CLANG_WARN_BLOCK_CAPTURE_AUTORELEASING = YES;
				CLANG_WARN_BOOL_CONVERSION = YES;
				CLANG_WARN_COMMA = YES;
				CLANG_WARN_CONSTANT_CONVERSION = YES;
				CLANG_WARN_DEPRECATED_OBJC_IMPLEMENTATIONS = YES;
				CLANG_WARN_DIRECT_OBJC_ISA_USAGE = YES_ERROR;
				CLANG_WARN_DOCUMENTATION_COMMENTS = YES;
				CLANG_WARN_EMPTY_BODY = YES;
				CLANG_WARN_ENUM_CONVERSION = YES;
				CLANG_WARN_INFINITE_RECURSION = YES;
				CLANG_WARN_INT_CONVERSION = YES;
				CLANG_WARN_NON_LITERAL_NULL_CONVERSION = YES;
				CLANG_WARN_OBJC_IMPLICIT_RETAIN_SELF = YES;
				CLANG_WARN_OBJC_LITERAL_CONVERSION = YES;
				CLANG_WARN_OBJC_ROOT_CLASS = YES_ERROR;
				CLANG_WARN_QUOTED_INCLUDE_IN_FRAMEWORK_HEADER = YES;
				CLANG_WARN_RANGE_LOOP_ANALYSIS = YES;
				CLANG_WARN_STRICT_PROTOTYPES = YES;
				CLANG_WARN_SUSPICIOUS_MOVE = YES;
				CLANG_WARN_UNGUARDED_AVAILABILITY = YES_AGGRESSIVE;
				CLANG_WARN_UNREACHABLE_CODE = YES;
				CLANG_WARN__DUPLICATE_METHOD_MATCH = YES;
				COPY_PHASE_STRIP = NO;
				DEBUG_INFORMATION_FORMAT = "dwarf-with-dsym";
				ENABLE_NS_ASSERTIONS = NO;
				ENABLE_STRICT_OBJC_MSGSEND = YES;
				GCC_C_LANGUAGE_STANDARD = gnu11;
				GCC_NO_COMMON_BLOCKS = YES;
				GCC_WARN_64_TO_32_BIT_CONVERSION = YES;
				GCC_WARN_ABOUT_RETURN_TYPE = YES_ERROR;
				GCC_WARN_UNDECLARED_SELECTOR = YES;
				GCC_WARN_UNINITIALIZED_AUTOS = YES_AGGRESSIVE;
				GCC_WARN_UNUSED_FUNCTION = YES;
				GCC_WARN_UNUSED_VARIABLE = YES;
				IPHONEOS_DEPLOYMENT_TARGET = 15.2;
				MTL_ENABLE_DEBUG_INFO = NO;
				MTL_FAST_MATH = YES;
				SDKROOT = iphoneos;
				SWIFT_COMPILATION_MODE = wholemodule;
				SWIFT_OPTIMIZATION_LEVEL = "-O";
				VALIDATE_PRODUCT = YES;
			};
			name = Release;
		};
		8918D4DA283ACCF30040CFDB /* Debug */ = {
			isa = XCBuildConfiguration;
			buildSettings = {
				ASSETCATALOG_COMPILER_APPICON_NAME = AppIcon;
				ASSETCATALOG_COMPILER_GLOBAL_ACCENT_COLOR_NAME = AccentColor;
				CODE_SIGN_STYLE = Automatic;
				CURRENT_PROJECT_VERSION = 1;
				DEVELOPMENT_TEAM = AH289C9P87;
				GENERATE_INFOPLIST_FILE = YES;
				INFOPLIST_FILE = Bankey/Info.plist;
				INFOPLIST_KEY_UIApplicationSupportsIndirectInputEvents = YES;
				INFOPLIST_KEY_UILaunchStoryboardName = LaunchScreen;
				INFOPLIST_KEY_UISupportedInterfaceOrientations_iPad = "UIInterfaceOrientationPortrait UIInterfaceOrientationPortraitUpsideDown UIInterfaceOrientationLandscapeLeft UIInterfaceOrientationLandscapeRight";
				INFOPLIST_KEY_UISupportedInterfaceOrientations_iPhone = "UIInterfaceOrientationPortrait UIInterfaceOrientationLandscapeLeft UIInterfaceOrientationLandscapeRight";
				LD_RUNPATH_SEARCH_PATHS = (
					"$(inherited)",
					"@executable_path/Frameworks",
				);
				MARKETING_VERSION = 1.0;
				PRODUCT_BUNDLE_IDENTIFIER = com.enessirkecioglu.Bankey;
				PRODUCT_NAME = "$(TARGET_NAME)";
				SWIFT_EMIT_LOC_STRINGS = YES;
				SWIFT_VERSION = 5.0;
				TARGETED_DEVICE_FAMILY = "1,2";
			};
			name = Debug;
		};
		8918D4DB283ACCF30040CFDB /* Release */ = {
			isa = XCBuildConfiguration;
			buildSettings = {
				ASSETCATALOG_COMPILER_APPICON_NAME = AppIcon;
				ASSETCATALOG_COMPILER_GLOBAL_ACCENT_COLOR_NAME = AccentColor;
				CODE_SIGN_STYLE = Automatic;
				CURRENT_PROJECT_VERSION = 1;
				DEVELOPMENT_TEAM = AH289C9P87;
				GENERATE_INFOPLIST_FILE = YES;
				INFOPLIST_FILE = Bankey/Info.plist;
				INFOPLIST_KEY_UIApplicationSupportsIndirectInputEvents = YES;
				INFOPLIST_KEY_UILaunchStoryboardName = LaunchScreen;
				INFOPLIST_KEY_UISupportedInterfaceOrientations_iPad = "UIInterfaceOrientationPortrait UIInterfaceOrientationPortraitUpsideDown UIInterfaceOrientationLandscapeLeft UIInterfaceOrientationLandscapeRight";
				INFOPLIST_KEY_UISupportedInterfaceOrientations_iPhone = "UIInterfaceOrientationPortrait UIInterfaceOrientationLandscapeLeft UIInterfaceOrientationLandscapeRight";
				LD_RUNPATH_SEARCH_PATHS = (
					"$(inherited)",
					"@executable_path/Frameworks",
				);
				MARKETING_VERSION = 1.0;
				PRODUCT_BUNDLE_IDENTIFIER = com.enessirkecioglu.Bankey;
				PRODUCT_NAME = "$(TARGET_NAME)";
				SWIFT_EMIT_LOC_STRINGS = YES;
				SWIFT_VERSION = 5.0;
				TARGETED_DEVICE_FAMILY = "1,2";
			};
			name = Release;
		};
		89D2AA4F28455C34002F94B3 /* Debug */ = {
			isa = XCBuildConfiguration;
			buildSettings = {
				BUNDLE_LOADER = "$(TEST_HOST)";
				CLANG_ENABLE_MODULES = YES;
				CODE_SIGN_STYLE = Automatic;
				CURRENT_PROJECT_VERSION = 1;
				DEVELOPMENT_TEAM = AH289C9P87;
				GENERATE_INFOPLIST_FILE = YES;
				LD_RUNPATH_SEARCH_PATHS = (
					"$(inherited)",
					"@executable_path/Frameworks",
					"@loader_path/Frameworks",
				);
				MARKETING_VERSION = 1.0;
				PRODUCT_BUNDLE_IDENTIFIER = com.enessirkecioglu.BankeyUnitTests;
				PRODUCT_NAME = "$(TARGET_NAME)";
				SWIFT_EMIT_LOC_STRINGS = NO;
				SWIFT_OPTIMIZATION_LEVEL = "-Onone";
				SWIFT_VERSION = 5.0;
				TARGETED_DEVICE_FAMILY = "1,2";
				TEST_HOST = "$(BUILT_PRODUCTS_DIR)/Bankey.app/Bankey";
			};
			name = Debug;
		};
		89D2AA5028455C34002F94B3 /* Release */ = {
			isa = XCBuildConfiguration;
			buildSettings = {
				BUNDLE_LOADER = "$(TEST_HOST)";
				CLANG_ENABLE_MODULES = YES;
				CODE_SIGN_STYLE = Automatic;
				CURRENT_PROJECT_VERSION = 1;
				DEVELOPMENT_TEAM = AH289C9P87;
				GENERATE_INFOPLIST_FILE = YES;
				LD_RUNPATH_SEARCH_PATHS = (
					"$(inherited)",
					"@executable_path/Frameworks",
					"@loader_path/Frameworks",
				);
				MARKETING_VERSION = 1.0;
				PRODUCT_BUNDLE_IDENTIFIER = com.enessirkecioglu.BankeyUnitTests;
				PRODUCT_NAME = "$(TARGET_NAME)";
				SWIFT_EMIT_LOC_STRINGS = NO;
				SWIFT_VERSION = 5.0;
				TARGETED_DEVICE_FAMILY = "1,2";
				TEST_HOST = "$(BUILT_PRODUCTS_DIR)/Bankey.app/Bankey";
			};
			name = Release;
		};
/* End XCBuildConfiguration section */

/* Begin XCConfigurationList section */
		8918D4C0283ACCF20040CFDB /* Build configuration list for PBXProject "Bankey" */ = {
			isa = XCConfigurationList;
			buildConfigurations = (
				8918D4D7283ACCF30040CFDB /* Debug */,
				8918D4D8283ACCF30040CFDB /* Release */,
			);
			defaultConfigurationIsVisible = 0;
			defaultConfigurationName = Release;
		};
		8918D4D9283ACCF30040CFDB /* Build configuration list for PBXNativeTarget "Bankey" */ = {
			isa = XCConfigurationList;
			buildConfigurations = (
				8918D4DA283ACCF30040CFDB /* Debug */,
				8918D4DB283ACCF30040CFDB /* Release */,
			);
			defaultConfigurationIsVisible = 0;
			defaultConfigurationName = Release;
		};
		89D2AA5128455C34002F94B3 /* Build configuration list for PBXNativeTarget "BankeyUnitTests" */ = {
			isa = XCConfigurationList;
			buildConfigurations = (
				89D2AA4F28455C34002F94B3 /* Debug */,
				89D2AA5028455C34002F94B3 /* Release */,
			);
			defaultConfigurationIsVisible = 0;
			defaultConfigurationName = Release;
		};
/* End XCConfigurationList section */
	};
	rootObject = 8918D4BD283ACCF20040CFDB /* Project object */;
}
